
Microsoft Visual Studio Solution File, Format Version 12.00
# Visual Studio Version 16
VisualStudioVersion = 16.0.30804.86
MinimumVisualStudioVersion = 10.0.40219.1
Project("{8BC9CEB8-8B4A-11D0-8D11-00A0C91BC942}") = "chapter02", "chapter02\chapter02.vcxproj", "{65A618DB-8B24-464A-8263-C5BD7349AACD}"
EndProject
Project("{8BC9CEB8-8B4A-11D0-8D11-00A0C91BC942}") = "chapter01", "chapter01\chapter01.vcxproj", "{B7545A5C-CA50-46C4-A9EE-518017473224}"
EndProject
Project("{8BC9CEB8-8B4A-11D0-8D11-00A0C91BC942}") = "chapter03", "chapter03\chapter03.vcxproj", "{20540A9A-EBEB-48B0-A55F-B1DC21101716}"
EndProject
Global
	GlobalSection(SolutionConfigurationPlatforms) = preSolution
		Debug|x64 = Debug|x64
		Debug|x86 = Debug|x86
		Release|x64 = Release|x64
		Release|x86 = Release|x86
	EndGlobalSection
	GlobalSection(ProjectConfigurationPlatforms) = postSolution
		{65A618DB-8B24-464A-8263-C5BD7349AACD}.Debug|x64.ActiveCfg = Debug|x64
		{65A618DB-8B24-464A-8263-C5BD7349AACD}.Debug|x64.Build.0 = Debug|x64
		{65A618DB-8B24-464A-8263-C5BD7349AACD}.Debug|x86.ActiveCfg = Debug|Win32
		{65A618DB-8B24-464A-8263-C5BD7349AACD}.Debug|x86.Build.0 = Debug|Win32
		{65A618DB-8B24-464A-8263-C5BD7349AACD}.Release|x64.ActiveCfg = Release|x64
		{65A618DB-8B24-464A-8263-C5BD7349AACD}.Release|x64.Build.0 = Release|x64
		{65A618DB-8B24-464A-8263-C5BD7349AACD}.Release|x86.ActiveCfg = Release|Win32
		{65A618DB-8B24-464A-8263-C5BD7349AACD}.Release|x86.Build.0 = Release|Win32
		{B7545A5C-CA50-46C4-A9EE-518017473224}.Debug|x64.ActiveCfg = Debug|x64
		{B7545A5C-CA50-46C4-A9EE-518017473224}.Debug|x64.Build.0 = Debug|x64
		{B7545A5C-CA50-46C4-A9EE-518017473224}.Debug|x86.ActiveCfg = Debug|Win32
		{B7545A5C-CA50-46C4-A9EE-518017473224}.Debug|x86.Build.0 = Debug|Win32
		{B7545A5C-CA50-46C4-A9EE-518017473224}.Release|x64.ActiveCfg = Release|x64
		{B7545A5C-CA50-46C4-A9EE-518017473224}.Release|x64.Build.0 = Release|x64
		{B7545A5C-CA50-46C4-A9EE-518017473224}.Release|x86.ActiveCfg = Release|Win32
		{B7545A5C-CA50-46C4-A9EE-518017473224}.Release|x86.Build.0 = Release|Win32
		{20540A9A-EBEB-48B0-A55F-B1DC21101716}.Debug|x64.ActiveCfg = Debug|x64
		{20540A9A-EBEB-48B0-A55F-B1DC21101716}.Debug|x64.Build.0 = Debug|x64
		{20540A9A-EBEB-48B0-A55F-B1DC21101716}.Debug|x86.ActiveCfg = Debug|Win32
		{20540A9A-EBEB-48B0-A55F-B1DC21101716}.Debug|x86.Build.0 = Debug|Win32
		{20540A9A-EBEB-48B0-A55F-B1DC21101716}.Release|x64.ActiveCfg = Release|x64
		{20540A9A-EBEB-48B0-A55F-B1DC21101716}.Release|x64.Build.0 = Release|x64
		{20540A9A-EBEB-48B0-A55F-B1DC21101716}.Release|x86.ActiveCfg = Release|Win32
		{20540A9A-EBEB-48B0-A55F-B1DC21101716}.Release|x86.Build.0 = Release|Win32
	EndGlobalSection
	GlobalSection(SolutionProperties) = preSolution
		HideSolutionNode = FALSE
	EndGlobalSection
	GlobalSection(ExtensibilityGlobals) = postSolution
		SolutionGuid = {502EF777-5C85-4BD8-AA27-098749CD13CB}
	EndGlobalSection
EndGlobal
